
Microsoft Visual Studio Solution File, Format Version 12.00
# Visual Studio Version 16
VisualStudioVersion = 16.0.31402.337
MinimumVisualStudioVersion = 10.0.40219.1
Project("{9A19103F-16F7-4668-BE54-9A1E7A4F7556}") = "EdgeSharp.Shared", "EdgeSharp.Shared\EdgeSharp.Shared.csproj", "{D545D5A2-F06F-4365-8E15-F2278A7A1942}"
EndProject
Project("{9A19103F-16F7-4668-BE54-9A1E7A4F7556}") = "EdgeSharp.Sample", "EdgeSharp.Sample\EdgeSharp.Sample.csproj", "{A1D64F4F-FF5C-4515-9B56-E2A0DECA6BC5}"
EndProject
Project("{9A19103F-16F7-4668-BE54-9A1E7A4F7556}") = "EdgeSharp.Razor.Sample", "EdgeSharp.Razor.Sample\EdgeSharp.Razor.Sample.csproj", "{D4E1B356-354E-476F-86CD-6FFF70CF173B}"
EndProject
Global
	GlobalSection(SolutionConfigurationPlatforms) = preSolution
		Debug|Any CPU = Debug|Any CPU
		Debug|x64 = Debug|x64
		Release|Any CPU = Release|Any CPU
		Release|x64 = Release|x64
	EndGlobalSection
	GlobalSection(ProjectConfigurationPlatforms) = postSolution
		{D545D5A2-F06F-4365-8E15-F2278A7A1942}.Debug|Any CPU.ActiveCfg = Debug|Any CPU
		{D545D5A2-F06F-4365-8E15-F2278A7A1942}.Debug|Any CPU.Build.0 = Debug|Any CPU
		{D545D5A2-F06F-4365-8E15-F2278A7A1942}.Debug|x64.ActiveCfg = Debug|Any CPU
		{D545D5A2-F06F-4365-8E15-F2278A7A1942}.Debug|x64.Build.0 = Debug|Any CPU
		{D545D5A2-F06F-4365-8E15-F2278A7A1942}.Release|Any CPU.ActiveCfg = Release|Any CPU
		{D545D5A2-F06F-4365-8E15-F2278A7A1942}.Release|Any CPU.Build.0 = Release|Any CPU
		{D545D5A2-F06F-4365-8E15-F2278A7A1942}.Release|x64.ActiveCfg = Release|Any CPU
		{D545D5A2-F06F-4365-8E15-F2278A7A1942}.Release|x64.Build.0 = Release|Any CPU
		{A1D64F4F-FF5C-4515-9B56-E2A0DECA6BC5}.Debug|Any CPU.ActiveCfg = Debug|x64
		{A1D64F4F-FF5C-4515-9B56-E2A0DECA6BC5}.Debug|Any CPU.Build.0 = Debug|x64
		{A1D64F4F-FF5C-4515-9B56-E2A0DECA6BC5}.Debug|x64.ActiveCfg = Debug|x64
		{A1D64F4F-FF5C-4515-9B56-E2A0DECA6BC5}.Debug|x64.Build.0 = Debug|x64
		{A1D64F4F-FF5C-4515-9B56-E2A0DECA6BC5}.Release|Any CPU.ActiveCfg = Release|x64
		{A1D64F4F-FF5C-4515-9B56-E2A0DECA6BC5}.Release|x64.ActiveCfg = Release|x64
		{A1D64F4F-FF5C-4515-9B56-E2A0DECA6BC5}.Release|x64.Build.0 = Release|x64
		{D4E1B356-354E-476F-86CD-6FFF70CF173B}.Debug|Any CPU.ActiveCfg = Debug|x64
		{D4E1B356-354E-476F-86CD-6FFF70CF173B}.Debug|Any CPU.Build.0 = Debug|x64
		{D4E1B356-354E-476F-86CD-6FFF70CF173B}.Debug|x64.ActiveCfg = Debug|x64
		{D4E1B356-354E-476F-86CD-6FFF70CF173B}.Debug|x64.Build.0 = Debug|x64
		{D4E1B356-354E-476F-86CD-6FFF70CF173B}.Release|Any CPU.ActiveCfg = Release|x64
		{D4E1B356-354E-476F-86CD-6FFF70CF173B}.Release|x64.ActiveCfg = Release|x64
		{D4E1B356-354E-476F-86CD-6FFF70CF173B}.Release|x64.Build.0 = Release|x64
	EndGlobalSection
	GlobalSection(SolutionProperties) = preSolution
		HideSolutionNode = FALSE
	EndGlobalSection
	GlobalSection(ExtensibilityGlobals) = postSolution
		SolutionGuid = {997BC57D-1C43-4715-9B92-B892BD131FFE}
	EndGlobalSection
EndGlobal
